{
  "version": 4,
  "terraform_version": "1.13.4",
  "serial": 11,
  "lineage": "3a48ef32-5de3-3aa4-dc77-eebe6807357c",
  "outputs": {
    "ip_publico_vm_linux": {
      "value": "9.169.227.94",
      "type": "string"
    }
  },
  "resources": [
    {
      "mode": "managed",
      "type": "azurerm_linux_virtual_machine",
      "name": "vm_linux",
      "provider": "provider[\"registry.terraform.io/hashicorp/azurerm\"]",
      "instances": [
        {
          "schema_version": 0,
          "attributes": {
            "additional_capabilities": [],
            "admin_password": null,
            "admin_ssh_key": [
              {
                "public_key": "ssh-rsa AAAAB3NzaC1yc2EAAAADAQABAAACAQDVrurFONufUIVHRMos+TwQLMt85aFOFEjv6O7Gar/qvTmMajvcrO37TSx5mhkmt4oZnfTbpPeRspN8nf90H/Y5VeSiK2g6jWbm19k3ygUA0tJ+f7BnGlIawsCAwr74pduQf1/4Dpu3yqIC2zMn/rIPQZ/tZUysnsjVsZ1m8fznG7nIkI6s+DaJevve/goEIYxtIZy2DkQuAH5BeV+jf4msHY7GH0A3R4QMkd4wqwi7dM324MOzQDgkCHZINpe7xpS6VX2COFWlg9uTE+4Dk51dHpTuF6/BbfXDpfyHCL8KdMOrHGZTBuaDnj2lgSmg9kBYfHsJ8RcwE6Wkoa7dg52wqdHnYqTIlFaVlKmzSZPHg2titKcppkYicYZSEBO85dyLuXhF9Y7h9gZmUwJ5eBQ9/ldDPonmhTqwHxFRIbfRH8a8GC8NYHeSez51+3GX54ybuMIszbT9p4ohJIJ0OSNJ8EkrH33AlnR9eJxzzzrCDtxJ/WIdp4G1sm6oCUnmk9cTk0OcOZFM8oAbFos/ztN0PQYLSCySvsC7AlWaNBAip9zPtNjCBE5eBRlrDuv6uD6yi02yFBkwEuGqBlaYo7tcpq58QvMbJYV5mEcdx/7JLwGPcav8PNW6eLd+C0K4QnkwnBhKRnT52JE9WZsDeDQk+w19RTL+p6/UNDiZIZsGYQ== Gustavo S@Gustavo-Homecd /c/azure-terraform-lab",
                "username": "gustavoadmin"
              }
            ],
            "admin_username": "gustavoadmin",
            "allow_extension_operations": true,
            "availability_set_id": "",
            "boot_diagnostics": [],
            "bypass_platform_safety_checks_on_user_schedule_enabled": false,
            "capacity_reservation_group_id": "",
            "computer_name": "vm-docker-01",
            "custom_data": "IyEvYmluL2Jhc2gNCnN1ZG8gYXB0LWdldCB1cGRhdGUgLXkNCnN1ZG8gYXB0LWdldCBpbnN0YWxsIC15IGRvY2tlci5pbw0Kc3VkbyBzeXN0ZW1jdGwgc3RhcnQgZG9ja2VyDQpzdWRvIHN5c3RlbWN0bCBlbmFibGUgZG9ja2VyDQogICAgDQojIE1hcGVpYSBhIHBvcnRhIDgwIChwYWRyw6NvIHdlYikgcGFyYSBhIHBvcnRhIDgwMDAgKGRvIHNldSBhcHApDQpzdWRvIGRvY2tlciBydW4gLWQgLXAgODA6ODAwMCBndXVzb2FyZXMvbWV1LXByaW1laXJvLWFwcA0K",
            "dedicated_host_group_id": "",
            "dedicated_host_id": "",
            "disable_password_authentication": true,
            "disk_controller_type": "",
            "edge_zone": "",
            "encryption_at_host_enabled": false,
            "eviction_policy": "",
            "extensions_time_budget": "PT1H30M",
            "gallery_application": [],
            "id": "/subscriptions/d2b19c5a-8295-45fa-ab21-0f310eb080a9/resourceGroups/rg-terraform-estudos-gustavo/providers/Microsoft.Compute/virtualMachines/vm-servidor-docker-01",
            "identity": [],
            "license_type": "",
            "location": "eastus2",
            "max_bid_price": -1,
            "name": "vm-servidor-docker-01",
            "network_interface_ids": [
              "/subscriptions/d2b19c5a-8295-45fa-ab21-0f310eb080a9/resourceGroups/rg-terraform-estudos-gustavo/providers/Microsoft.Network/networkInterfaces/nic-vm-linux"
            ],
            "os_disk": [
              {
                "caching": "ReadWrite",
                "diff_disk_settings": [],
                "disk_encryption_set_id": "",
                "disk_size_gb": 30,
                "name": "vm-servidor-docker-01_disk1_e605fda9ffd849389f4fce89ed26361e",
                "secure_vm_disk_encryption_set_id": "",
                "security_encryption_type": "",
                "storage_account_type": "Standard_LRS",
                "write_accelerator_enabled": false
              }
            ],
            "os_image_notification": [],
            "patch_assessment_mode": "ImageDefault",
            "patch_mode": "ImageDefault",
            "plan": [],
            "platform_fault_domain": -1,
            "priority": "Regular",
            "private_ip_address": "10.10.1.4",
            "private_ip_addresses": [
              "10.10.1.4"
            ],
            "provision_vm_agent": true,
            "proximity_placement_group_id": "",
            "public_ip_address": "9.169.227.94",
            "public_ip_addresses": [
              "9.169.227.94"
            ],
            "reboot_setting": "",
            "resource_group_name": "rg-terraform-estudos-gustavo",
            "secret": [],
            "secure_boot_enabled": false,
            "size": "Standard_B1s",
            "source_image_id": "",
            "source_image_reference": [
              {
                "offer": "UbuntuServer",
                "publisher": "Canonical",
                "sku": "18.04-LTS",
                "version": "latest"
              }
            ],
            "tags": null,
            "termination_notification": null,
            "timeouts": null,
            "user_data": "",
            "virtual_machine_id": "ebf79b44-acbd-4c3a-a369-f45b86220584",
            "virtual_machine_scale_set_id": "",
            "vm_agent_platform_updates_enabled": false,
            "vtpm_enabled": false,
            "zone": ""
          },
          "sensitive_attributes": [
            [
              {
                "type": "get_attr",
                "value": "admin_password"
              }
            ],
            [
              {
                "type": "get_attr",
                "value": "custom_data"
              }
            ]
          ],
          "identity_schema_version": 0,
          "private": "eyJlMmJmYjczMC1lY2FhLTExZTYtOGY4OC0zNDM2M2JjN2M0YzAiOnsiY3JlYXRlIjoyNzAwMDAwMDAwMDAwLCJkZWxldGUiOjI3MDAwMDAwMDAwMDAsInJlYWQiOjMwMDAwMDAwMDAwMCwidXBkYXRlIjoyNzAwMDAwMDAwMDAwfX0=",
          "dependencies": [
            "azurerm_network_interface.nic_vm",
            "azurerm_public_ip.pip_vm",
            "azurerm_resource_group.rg_estudos",
            "azurerm_subnet.subnet_web",
            "azurerm_virtual_network.vnet_estudos"
          ]
        }
      ]
    },
    {
      "mode": "managed",
      "type": "azurerm_network_interface",
      "name": "nic_vm",
      "provider": "provider[\"registry.terraform.io/hashicorp/azurerm\"]",
      "instances": [
        {
          "schema_version": 0,
          "attributes": {
            "accelerated_networking_enabled": false,
            "applied_dns_servers": [],
            "auxiliary_mode": "",
            "auxiliary_sku": "",
            "dns_servers": [],
            "edge_zone": "",
            "enable_accelerated_networking": false,
            "enable_ip_forwarding": false,
            "id": "/subscriptions/d2b19c5a-8295-45fa-ab21-0f310eb080a9/resourceGroups/rg-terraform-estudos-gustavo/providers/Microsoft.Network/networkInterfaces/nic-vm-linux",
            "internal_dns_name_label": "",
            "internal_domain_name_suffix": "0c43zd0p1a3uddzykxoshrwp2f.cx.internal.cloudapp.net",
            "ip_configuration": [
              {
                "gateway_load_balancer_frontend_ip_configuration_id": "",
                "name": "ipconfig-vm",
                "primary": true,
                "private_ip_address": "10.10.1.4",
                "private_ip_address_allocation": "Dynamic",
                "private_ip_address_version": "IPv4",
                "public_ip_address_id": "/subscriptions/d2b19c5a-8295-45fa-ab21-0f310eb080a9/resourceGroups/rg-terraform-estudos-gustavo/providers/Microsoft.Network/publicIPAddresses/pip-vm-linux",
                "subnet_id": "/subscriptions/d2b19c5a-8295-45fa-ab21-0f310eb080a9/resourceGroups/rg-terraform-estudos-gustavo/providers/Microsoft.Network/virtualNetworks/vnet-principal-estudos/subnets/snet-web-servidores"
              }
            ],
            "ip_forwarding_enabled": false,
            "location": "eastus2",
            "mac_address": "",
            "name": "nic-vm-linux",
            "private_ip_address": "10.10.1.4",
            "private_ip_addresses": [
              "10.10.1.4"
            ],
            "resource_group_name": "rg-terraform-estudos-gustavo",
            "tags": {},
            "timeouts": null,
            "virtual_machine_id": ""
          },
          "sensitive_attributes": [],
          "identity_schema_version": 0,
          "private": "eyJlMmJmYjczMC1lY2FhLTExZTYtOGY4OC0zNDM2M2JjN2M0YzAiOnsiY3JlYXRlIjoxODAwMDAwMDAwMDAwLCJkZWxldGUiOjE4MDAwMDAwMDAwMDAsInJlYWQiOjMwMDAwMDAwMDAwMCwidXBkYXRlIjoxODAwMDAwMDAwMDAwfX0=",
          "dependencies": [
            "azurerm_public_ip.pip_vm",
            "azurerm_resource_group.rg_estudos",
            "azurerm_subnet.subnet_web",
            "azurerm_virtual_network.vnet_estudos"
          ]
        }
      ]
    },
    {
      "mode": "managed",
      "type": "azurerm_network_security_group",
      "name": "nsg_web",
      "provider": "provider[\"registry.terraform.io/hashicorp/azurerm\"]",
      "instances": [
        {
          "schema_version": 0,
          "attributes": {
            "id": "/subscriptions/d2b19c5a-8295-45fa-ab21-0f310eb080a9/resourceGroups/rg-terraform-estudos-gustavo/providers/Microsoft.Network/networkSecurityGroups/nsg-servidores-web",
            "location": "eastus2",
            "name": "nsg-servidores-web",
            "resource_group_name": "rg-terraform-estudos-gustavo",
            "security_rule": [
              {
                "access": "Allow",
                "description": "",
                "destination_address_prefix": "*",
                "destination_address_prefixes": [],
                "destination_application_security_group_ids": [],
                "destination_port_range": "22",
                "destination_port_ranges": [],
                "direction": "Inbound",
                "name": "AllowSSH",
                "priority": 1001,
                "protocol": "Tcp",
                "source_address_prefix": "Internet",
                "source_address_prefixes": [],
                "source_application_security_group_ids": [],
                "source_port_range": "*",
                "source_port_ranges": []
              },
              {
                "access": "Allow",
                "description": "",
                "destination_address_prefix": "*",
                "destination_address_prefixes": [],
                "destination_application_security_group_ids": [],
                "destination_port_range": "80",
                "destination_port_ranges": [],
                "direction": "Inbound",
                "name": "AllowWeb",
                "priority": 1002,
                "protocol": "Tcp",
                "source_address_prefix": "Internet",
                "source_address_prefixes": [],
                "source_application_security_group_ids": [],
                "source_port_range": "*",
                "source_port_ranges": []
              }
            ],
            "tags": {
              "ambiente": "estudos",
              "owner": "gustavo"
            },
            "timeouts": null
          },
          "sensitive_attributes": [],
          "identity_schema_version": 0,
          "private": "eyJlMmJmYjczMC1lY2FhLTExZTYtOGY4OC0zNDM2M2JjN2M0YzAiOnsiY3JlYXRlIjoxODAwMDAwMDAwMDAwLCJkZWxldGUiOjE4MDAwMDAwMDAwMDAsInJlYWQiOjMwMDAwMDAwMDAwMCwidXBkYXRlIjoxODAwMDAwMDAwMDAwfX0=",
          "dependencies": [
            "azurerm_resource_group.rg_estudos"
          ]
        }
      ]
    },
    {
      "mode": "managed",
      "type": "azurerm_public_ip",
      "name": "pip_vm",
      "provider": "provider[\"registry.terraform.io/hashicorp/azurerm\"]",
      "instances": [
        {
          "schema_version": 0,
          "attributes": {
            "allocation_method": "Static",
            "ddos_protection_mode": "VirtualNetworkInherited",
            "ddos_protection_plan_id": null,
            "domain_name_label": null,
            "edge_zone": "",
            "fqdn": null,
            "id": "/subscriptions/d2b19c5a-8295-45fa-ab21-0f310eb080a9/resourceGroups/rg-terraform-estudos-gustavo/providers/Microsoft.Network/publicIPAddresses/pip-vm-linux",
            "idle_timeout_in_minutes": 4,
            "ip_address": "9.169.227.94",
            "ip_tags": {},
            "ip_version": "IPv4",
            "location": "eastus2",
            "name": "pip-vm-linux",
            "public_ip_prefix_id": null,
            "resource_group_name": "rg-terraform-estudos-gustavo",
            "reverse_fqdn": null,
            "sku": "Standard",
            "sku_tier": "Regional",
            "tags": {
              "ambiente": "estudos",
              "owner": "gustavo"
            },
            "timeouts": null,
            "zones": []
          },
          "sensitive_attributes": [],
          "identity_schema_version": 0,
          "private": "eyJlMmJmYjczMC1lY2FhLTExZTYtOGY4OC0zNDM2M2JjN2M0YzAiOnsiY3JlYXRlIjoxODAwMDAwMDAwMDAwLCJkZWxldGUiOjE4MDAwMDAwMDAwMDAsInJlYWQiOjMwMDAwMDAwMDAwMCwidXBkYXRlIjoxODAwMDAwMDAwMDAwfX0=",
          "dependencies": [
            "azurerm_resource_group.rg_estudos"
          ]
        }
      ]
    },
    {
      "mode": "managed",
      "type": "azurerm_resource_group",
      "name": "rg_estudos",
      "provider": "provider[\"registry.terraform.io/hashicorp/azurerm\"]",
      "instances": [
        {
          "schema_version": 0,
          "attributes": {
            "id": "/subscriptions/d2b19c5a-8295-45fa-ab21-0f310eb080a9/resourceGroups/rg-terraform-estudos-gustavo",
            "location": "eastus2",
            "managed_by": "",
            "name": "rg-terraform-estudos-gustavo",
            "tags": {
              "ambiente": "estudos",
              "criado_com": "terraform",
              "owner": "gustavo"
            },
            "timeouts": null
          },
          "sensitive_attributes": [],
          "identity_schema_version": 0,
          "private": "eyJlMmJmYjczMC1lY2FhLTExZTYtOGY4OC0zNDM2M2JjN2M0YzAiOnsiY3JlYXRlIjo1NDAwMDAwMDAwMDAwLCJkZWxldGUiOjU0MDAwMDAwMDAwMDAsInJlYWQiOjMwMDAwMDAwMDAwMCwidXBkYXRlIjo1NDAwMDAwMDAwMDAwfX0="
        }
      ]
    },
    {
      "mode": "managed",
      "type": "azurerm_subnet",
      "name": "subnet_web",
      "provider": "provider[\"registry.terraform.io/hashicorp/azurerm\"]",
      "instances": [
        {
          "schema_version": 0,
          "attributes": {
            "address_prefixes": [
              "10.10.1.0/24"
            ],
            "default_outbound_access_enabled": true,
            "delegation": [],
            "enforce_private_link_endpoint_network_policies": false,
            "enforce_private_link_service_network_policies": false,
            "id": "/subscriptions/d2b19c5a-8295-45fa-ab21-0f310eb080a9/resourceGroups/rg-terraform-estudos-gustavo/providers/Microsoft.Network/virtualNetworks/vnet-principal-estudos/subnets/snet-web-servidores",
            "name": "snet-web-servidores",
            "private_endpoint_network_policies": "Enabled",
            "private_endpoint_network_policies_enabled": true,
            "private_link_service_network_policies_enabled": true,
            "resource_group_name": "rg-terraform-estudos-gustavo",
            "service_endpoint_policy_ids": [],
            "service_endpoints": [],
            "timeouts": null,
            "virtual_network_name": "vnet-principal-estudos"
          },
          "sensitive_attributes": [],
          "identity_schema_version": 0,
          "private": "eyJlMmJmYjczMC1lY2FhLTExZTYtOGY4OC0zNDM2M2JjN2M0YzAiOnsiY3JlYXRlIjoxODAwMDAwMDAwMDAwLCJkZWxldGUiOjE4MDAwMDAwMDAwMDAsInJlYWQiOjMwMDAwMDAwMDAwMCwidXBkYXRlIjoxODAwMDAwMDAwMDAwfX0=",
          "dependencies": [
            "azurerm_resource_group.rg_estudos",
            "azurerm_virtual_network.vnet_estudos"
          ]
        }
      ]
    },
    {
      "mode": "managed",
      "type": "azurerm_subnet_network_security_group_association",
      "name": "assoc_nsg_subnet",
      "provider": "provider[\"registry.terraform.io/hashicorp/azurerm\"]",
      "instances": [
        {
          "schema_version": 0,
          "attributes": {
            "id": "/subscriptions/d2b19c5a-8295-45fa-ab21-0f310eb080a9/resourceGroups/rg-terraform-estudos-gustavo/providers/Microsoft.Network/virtualNetworks/vnet-principal-estudos/subnets/snet-web-servidores",
            "network_security_group_id": "/subscriptions/d2b19c5a-8295-45fa-ab21-0f310eb080a9/resourceGroups/rg-terraform-estudos-gustavo/providers/Microsoft.Network/networkSecurityGroups/nsg-servidores-web",
            "subnet_id": "/subscriptions/d2b19c5a-8295-45fa-ab21-0f310eb080a9/resourceGroups/rg-terraform-estudos-gustavo/providers/Microsoft.Network/virtualNetworks/vnet-principal-estudos/subnets/snet-web-servidores",
            "timeouts": null
          },
          "sensitive_attributes": [],
          "identity_schema_version": 0,
          "private": "eyJlMmJmYjczMC1lY2FhLTExZTYtOGY4OC0zNDM2M2JjN2M0YzAiOnsiY3JlYXRlIjoxODAwMDAwMDAwMDAwLCJkZWxldGUiOjE4MDAwMDAwMDAwMDAsInJlYWQiOjMwMDAwMDAwMDAwMH19",
          "dependencies": [
            "azurerm_network_security_group.nsg_web",
            "azurerm_resource_group.rg_estudos",
            "azurerm_subnet.subnet_web",
            "azurerm_virtual_network.vnet_estudos"
          ]
        }
      ]
    },
    {
      "mode": "managed",
      "type": "azurerm_virtual_network",
      "name": "vnet_estudos",
      "provider": "provider[\"registry.terraform.io/hashicorp/azurerm\"]",
      "instances": [
        {
          "schema_version": 0,
          "attributes": {
            "address_space": [
              "10.10.0.0/16"
            ],
            "bgp_community": "",
            "ddos_protection_plan": [],
            "dns_servers": [],
            "edge_zone": "",
            "encryption": [],
            "flow_timeout_in_minutes": 0,
            "guid": "8fdcbdd0-d84f-413b-8f38-55dd23c6cfe5",
            "id": "/subscriptions/d2b19c5a-8295-45fa-ab21-0f310eb080a9/resourceGroups/rg-terraform-estudos-gustavo/providers/Microsoft.Network/virtualNetworks/vnet-principal-estudos",
            "location": "eastus2",
            "name": "vnet-principal-estudos",
            "resource_group_name": "rg-terraform-estudos-gustavo",
            "subnet": [
              {
                "address_prefix": "10.10.1.0/24",
                "id": "/subscriptions/d2b19c5a-8295-45fa-ab21-0f310eb080a9/resourceGroups/rg-terraform-estudos-gustavo/providers/Microsoft.Network/virtualNetworks/vnet-principal-estudos/subnets/snet-web-servidores",
                "name": "snet-web-servidores",
                "security_group": "/subscriptions/d2b19c5a-8295-45fa-ab21-0f310eb080a9/resourceGroups/rg-terraform-estudos-gustavo/providers/Microsoft.Network/networkSecurityGroups/nsg-servidores-web"
              }
            ],
            "tags": {
              "ambiente": "estudos",
              "owner": "gustavo"
            },
            "timeouts": null
          },
          "sensitive_attributes": [],
          "identity_schema_version": 0,
          "private": "eyJlMmJmYjczMC1lY2FhLTExZTYtOGY4OC0zNDM2M2JjN2M0YzAiOnsiY3JlYXRlIjoxODAwMDAwMDAwMDAwLCJkZWxldGUiOjE4MDAwMDAwMDAwMDAsInJlYWQiOjMwMDAwMDAwMDAwMCwidXBkYXRlIjoxODAwMDAwMDAwMDAwfX0=",
          "dependencies": [
            "azurerm_resource_group.rg_estudos"
          ]
        }
      ]
    }
  ],
  "check_results": null
}
